
Microsoft Visual Studio Solution File, Format Version 12.00
# Visual Studio Version 16
VisualStudioVersion = 16.0.31624.102
MinimumVisualStudioVersion = 10.0.40219.1
Project("{FAE04EC0-301F-11D3-BF4B-00C04F79EFBC}") = "RentalOfPremises", "RentalOfPremises\RentalOfPremises.csproj", "{BB32F2DD-C87C-4168-B2D1-20518AEA30BD}"
EndProject
Global
	GlobalSection(SolutionConfigurationPlatforms) = preSolution
		Debug|Any CPU = Debug|Any CPU
		Release|Any CPU = Release|Any CPU
	EndGlobalSection
	GlobalSection(ProjectConfigurationPlatforms) = postSolution
		{BB32F2DD-C87C-4168-B2D1-20518AEA30BD}.Debug|Any CPU.ActiveCfg = Debug|Any CPU
		{BB32F2DD-C87C-4168-B2D1-20518AEA30BD}.Debug|Any CPU.Build.0 = Debug|Any CPU
		{BB32F2DD-C87C-4168-B2D1-20518AEA30BD}.Release|Any CPU.ActiveCfg = Release|Any CPU
		{BB32F2DD-C87C-4168-B2D1-20518AEA30BD}.Release|Any CPU.Build.0 = Release|Any CPU
	EndGlobalSection
	GlobalSection(SolutionProperties) = preSolution
		HideSolutionNode = FALSE
	EndGlobalSection
	GlobalSection(ExtensibilityGlobals) = postSolution
		SolutionGuid = {62BCE253-B77B-47E6-AEAC-A7D12F0FFD86}
	EndGlobalSection
EndGlobal
